
Microsoft Visual Studio Solution File, Format Version 12.00
# Visual Studio 15
VisualStudioVersion = 15.0.26430.16
MinimumVisualStudioVersion = 10.0.40219.1
Project("{FAE04EC0-301F-11D3-BF4B-00C04F79EFBC}") = "TesteDIT", "DecisionIT\TesteDIT.csproj", "{8D1A8A36-9CE1-4F90-B296-5D0A08016397}"
EndProject
Project("{FAE04EC0-301F-11D3-BF4B-00C04F79EFBC}") = "WindowsFormsApp1", "WindowsFormsApp1\WindowsFormsApp1.csproj", "{EE543944-4BCC-4B60-A6AB-4C00BA9D39F1}"
EndProject
Global
	GlobalSection(SolutionConfigurationPlatforms) = preSolution
		Debug|Any CPU = Debug|Any CPU
		Release|Any CPU = Release|Any CPU
	EndGlobalSection
	GlobalSection(ProjectConfigurationPlatforms) = postSolution
		{8D1A8A36-9CE1-4F90-B296-5D0A08016397}.Debug|Any CPU.ActiveCfg = Debug|Any CPU
		{8D1A8A36-9CE1-4F90-B296-5D0A08016397}.Debug|Any CPU.Build.0 = Debug|Any CPU
		{8D1A8A36-9CE1-4F90-B296-5D0A08016397}.Release|Any CPU.ActiveCfg = Release|Any CPU
		{8D1A8A36-9CE1-4F90-B296-5D0A08016397}.Release|Any CPU.Build.0 = Release|Any CPU
		{EE543944-4BCC-4B60-A6AB-4C00BA9D39F1}.Debug|Any CPU.ActiveCfg = Debug|Any CPU
		{EE543944-4BCC-4B60-A6AB-4C00BA9D39F1}.Debug|Any CPU.Build.0 = Debug|Any CPU
		{EE543944-4BCC-4B60-A6AB-4C00BA9D39F1}.Release|Any CPU.ActiveCfg = Release|Any CPU
		{EE543944-4BCC-4B60-A6AB-4C00BA9D39F1}.Release|Any CPU.Build.0 = Release|Any CPU
	EndGlobalSection
	GlobalSection(SolutionProperties) = preSolution
		HideSolutionNode = FALSE
	EndGlobalSection
EndGlobal
